
Microsoft Visual Studio Solution File, Format Version 12.00
# Visual Studio 15
Project("{FAE04EC0-301F-11D3-BF4B-00C04F79EFBC}") = "SteamVR", "SteamVR.csproj", "{B981DDBF-0920-6A2D-64DC-5CD334368A12}"
EndProject
Project("{FAE04EC0-301F-11D3-BF4B-00C04F79EFBC}") = "Metaverse", "Metaverse.csproj", "{E1F2DB2D-096D-1AF4-50A1-713C48DE249B}"
EndProject
Project("{FAE04EC0-301F-11D3-BF4B-00C04F79EFBC}") = "Assembly-CSharp", "Assembly-CSharp.csproj", "{FB2B1803-AEAB-496F-75A1-CAC96925B0BB}"
EndProject
Project("{FAE04EC0-301F-11D3-BF4B-00C04F79EFBC}") = "SteamVR_Actions", "SteamVR_Actions.csproj", "{DEDBA3C3-402B-4B0A-9109-2548A63B48EA}"
EndProject
Project("{FAE04EC0-301F-11D3-BF4B-00C04F79EFBC}") = "SteamVR_Input_Editor", "SteamVR_Input_Editor.csproj", "{909EDC2E-4FAF-1520-A440-757996FD1C3C}"
EndProject
Project("{FAE04EC0-301F-11D3-BF4B-00C04F79EFBC}") = "Assembly-CSharp-Editor", "Assembly-CSharp-Editor.csproj", "{75A25211-EC91-4B61-A576-A9B7DF06DF99}"
EndProject
Project("{FAE04EC0-301F-11D3-BF4B-00C04F79EFBC}") = "SteamVR_Editor", "SteamVR_Editor.csproj", "{98C7F33F-A516-0959-9AA9-23F2925C007D}"
EndProject
Project("{FAE04EC0-301F-11D3-BF4B-00C04F79EFBC}") = "SteamVR_Windows_EditorHelper", "SteamVR_Windows_EditorHelper.csproj", "{17DD6E10-3FDE-F47F-4FF6-9741606989FC}"
EndProject
Global
	GlobalSection(SolutionConfigurationPlatforms) = preSolution
		Debug|Any CPU = Debug|Any CPU
		Release|Any CPU = Release|Any CPU
	EndGlobalSection
	GlobalSection(ProjectConfigurationPlatforms) = postSolution
		{B981DDBF-0920-6A2D-64DC-5CD334368A12}.Debug|Any CPU.ActiveCfg = Debug|Any CPU
		{B981DDBF-0920-6A2D-64DC-5CD334368A12}.Debug|Any CPU.Build.0 = Debug|Any CPU
		{B981DDBF-0920-6A2D-64DC-5CD334368A12}.Release|Any CPU.ActiveCfg = Release|Any CPU
		{B981DDBF-0920-6A2D-64DC-5CD334368A12}.Release|Any CPU.Build.0 = Release|Any CPU
		{E1F2DB2D-096D-1AF4-50A1-713C48DE249B}.Debug|Any CPU.ActiveCfg = Debug|Any CPU
		{E1F2DB2D-096D-1AF4-50A1-713C48DE249B}.Debug|Any CPU.Build.0 = Debug|Any CPU
		{E1F2DB2D-096D-1AF4-50A1-713C48DE249B}.Release|Any CPU.ActiveCfg = Release|Any CPU
		{E1F2DB2D-096D-1AF4-50A1-713C48DE249B}.Release|Any CPU.Build.0 = Release|Any CPU
		{FB2B1803-AEAB-496F-75A1-CAC96925B0BB}.Debug|Any CPU.ActiveCfg = Debug|Any CPU
		{FB2B1803-AEAB-496F-75A1-CAC96925B0BB}.Debug|Any CPU.Build.0 = Debug|Any CPU
		{FB2B1803-AEAB-496F-75A1-CAC96925B0BB}.Release|Any CPU.ActiveCfg = Release|Any CPU
		{FB2B1803-AEAB-496F-75A1-CAC96925B0BB}.Release|Any CPU.Build.0 = Release|Any CPU
		{DEDBA3C3-402B-4B0A-9109-2548A63B48EA}.Debug|Any CPU.ActiveCfg = Debug|Any CPU
		{DEDBA3C3-402B-4B0A-9109-2548A63B48EA}.Debug|Any CPU.Build.0 = Debug|Any CPU
		{DEDBA3C3-402B-4B0A-9109-2548A63B48EA}.Release|Any CPU.ActiveCfg = Release|Any CPU
		{DEDBA3C3-402B-4B0A-9109-2548A63B48EA}.Release|Any CPU.Build.0 = Release|Any CPU
		{909EDC2E-4FAF-1520-A440-757996FD1C3C}.Debug|Any CPU.ActiveCfg = Debug|Any CPU
		{909EDC2E-4FAF-1520-A440-757996FD1C3C}.Debug|Any CPU.Build.0 = Debug|Any CPU
		{909EDC2E-4FAF-1520-A440-757996FD1C3C}.Release|Any CPU.ActiveCfg = Release|Any CPU
		{909EDC2E-4FAF-1520-A440-757996FD1C3C}.Release|Any CPU.Build.0 = Release|Any CPU
		{75A25211-EC91-4B61-A576-A9B7DF06DF99}.Debug|Any CPU.ActiveCfg = Debug|Any CPU
		{75A25211-EC91-4B61-A576-A9B7DF06DF99}.Debug|Any CPU.Build.0 = Debug|Any CPU
		{75A25211-EC91-4B61-A576-A9B7DF06DF99}.Release|Any CPU.ActiveCfg = Release|Any CPU
		{75A25211-EC91-4B61-A576-A9B7DF06DF99}.Release|Any CPU.Build.0 = Release|Any CPU
		{98C7F33F-A516-0959-9AA9-23F2925C007D}.Debug|Any CPU.ActiveCfg = Debug|Any CPU
		{98C7F33F-A516-0959-9AA9-23F2925C007D}.Debug|Any CPU.Build.0 = Debug|Any CPU
		{98C7F33F-A516-0959-9AA9-23F2925C007D}.Release|Any CPU.ActiveCfg = Release|Any CPU
		{98C7F33F-A516-0959-9AA9-23F2925C007D}.Release|Any CPU.Build.0 = Release|Any CPU
		{17DD6E10-3FDE-F47F-4FF6-9741606989FC}.Debug|Any CPU.ActiveCfg = Debug|Any CPU
		{17DD6E10-3FDE-F47F-4FF6-9741606989FC}.Debug|Any CPU.Build.0 = Debug|Any CPU
		{17DD6E10-3FDE-F47F-4FF6-9741606989FC}.Release|Any CPU.ActiveCfg = Release|Any CPU
		{17DD6E10-3FDE-F47F-4FF6-9741606989FC}.Release|Any CPU.Build.0 = Release|Any CPU
	EndGlobalSection
	GlobalSection(SolutionProperties) = preSolution
		HideSolutionNode = FALSE
	EndGlobalSection
EndGlobal
